// !$*UTF8*$!
{
	archiveVersion = 1;
	classes = {
	};
	objectVersion = 55;
	objects = {

/* Begin PBXBuildFile section */
		9163B99C29E7B2F30034D8FC /* NGViewController.m in Sources */ = {isa = PBXBuildFile; fileRef = 9163B99B29E7B2F30034D8FC /* NGViewController.m */; };
		916EB3BE29964E8E009E0CB0 /* AppDelegate.m in Sources */ = {isa = PBXBuildFile; fileRef = 916EB3BD29964E8E009E0CB0 /* AppDelegate.m */; };
		916EB3C929964E92009E0CB0 /* Assets.xcassets in Resources */ = {isa = PBXBuildFile; fileRef = 916EB3C829964E92009E0CB0 /* Assets.xcassets */; };
		916EB3CF29964E92009E0CB0 /* main.m in Sources */ = {isa = PBXBuildFile; fileRef = 916EB3CE29964E92009E0CB0 /* main.m */; };
		91973C3329B0411100D13390 /* NGSDK.framework in Frameworks */ = {isa = PBXBuildFile; fileRef = 91973C3229B0411100D13390 /* NGSDK.framework */; };
		91973C3429B0411100D13390 /* NGSDK.framework in Embed Frameworks */ = {isa = PBXBuildFile; fileRef = 91973C3229B0411100D13390 /* NGSDK.framework */; settings = {ATTRIBUTES = (CodeSignOnCopy, RemoveHeadersOnCopy, ); }; };
		91973C3629B056C200D13390 /* NGTestVC.swift in Sources */ = {isa = PBXBuildFile; fileRef = 91973C3529B056C100D13390 /* NGTestVC.swift */; };
		91DCB6E72999E59800E90A46 /* NGSwiftVC.swift in Sources */ = {isa = PBXBuildFile; fileRef = 91DCB6E62999E59800E90A46 /* NGSwiftVC.swift */; };
		91DCB6F5299A15F800E90A46 /* NGMainVC.m in Sources */ = {isa = PBXBuildFile; fileRef = 91DCB6F4299A15F800E90A46 /* NGMainVC.m */; };
		DAA3C6752AF0E02A00A6AC0C /* LaunchScreen.storyboard in Resources */ = {isa = PBXBuildFile; fileRef = DAA3C6742AF0E02A00A6AC0C /* LaunchScreen.storyboard */; };
		E704C2CB923EAFD421C1A5E6 /* Pods_NGK.framework in Frameworks */ = {isa = PBXBuildFile; fileRef = 58CCD63263FC08D25061659E /* Pods_NGK.framework */; };
/* End PBXBuildFile section */

/* Begin PBXCopyFilesBuildPhase section */
		914A3F3329AF5E80004EA522 /* Embed Frameworks */ = {
			isa = PBXCopyFilesBuildPhase;
			buildActionMask = 2147483647;
			dstPath = "";
			dstSubfolderSpec = 10;
			files = (
				91973C3429B0411100D13390 /* NGSDK.framework in Embed Frameworks */,
			);
			name = "Embed Frameworks";
			runOnlyForDeploymentPostprocessing = 0;
		};
/* End PBXCopyFilesBuildPhase section */

/* Begin PBXFileReference section */
		4BCBED4BBEDA5DA8FB34FEE0 /* Pods-NGK.release.xcconfig */ = {isa = PBXFileReference; includeInIndex = 1; lastKnownFileType = text.xcconfig; name = "Pods-NGK.release.xcconfig"; path = "Target Support Files/Pods-NGK/Pods-NGK.release.xcconfig"; sourceTree = "<group>"; };
		58CCD63263FC08D25061659E /* Pods_NGK.framework */ = {isa = PBXFileReference; explicitFileType = wrapper.framework; includeInIndex = 0; path = Pods_NGK.framework; sourceTree = BUILT_PRODUCTS_DIR; };
		9163B99A29E7B2F30034D8FC /* NGViewController.h */ = {isa = PBXFileReference; lastKnownFileType = sourcecode.c.h; path = NGViewController.h; sourceTree = "<group>"; };
		9163B99B29E7B2F30034D8FC /* NGViewController.m */ = {isa = PBXFileReference; lastKnownFileType = sourcecode.c.objc; path = NGViewController.m; sourceTree = "<group>"; };
		9163B99D29E7B3140034D8FC /* PrefixHeader.pch */ = {isa = PBXFileReference; lastKnownFileType = sourcecode.c.h; path = PrefixHeader.pch; sourceTree = "<group>"; };
		916EB3B929964E8E009E0CB0 /* NGK.app */ = {isa = PBXFileReference; explicitFileType = wrapper.application; includeInIndex = 0; path = NGK.app; sourceTree = BUILT_PRODUCTS_DIR; };
		916EB3BC29964E8E009E0CB0 /* AppDelegate.h */ = {isa = PBXFileReference; lastKnownFileType = sourcecode.c.h; path = AppDelegate.h; sourceTree = "<group>"; };
		916EB3BD29964E8E009E0CB0 /* AppDelegate.m */ = {isa = PBXFileReference; lastKnownFileType = sourcecode.c.objc; path = AppDelegate.m; sourceTree = "<group>"; };
		916EB3C829964E92009E0CB0 /* Assets.xcassets */ = {isa = PBXFileReference; lastKnownFileType = folder.assetcatalog; path = Assets.xcassets; sourceTree = "<group>"; };
		916EB3CD29964E92009E0CB0 /* Info.plist */ = {isa = PBXFileReference; lastKnownFileType = text.plist.xml; path = Info.plist; sourceTree = "<group>"; };
		916EB3CE29964E92009E0CB0 /* main.m */ = {isa = PBXFileReference; lastKnownFileType = sourcecode.c.objc; path = main.m; sourceTree = "<group>"; };
		91973C3229B0411100D13390 /* NGSDK.framework */ = {isa = PBXFileReference; explicitFileType = wrapper.framework; path = NGSDK.framework; sourceTree = BUILT_PRODUCTS_DIR; };
		91973C3529B056C100D13390 /* NGTestVC.swift */ = {isa = PBXFileReference; lastKnownFileType = sourcecode.swift; path = NGTestVC.swift; sourceTree = "<group>"; };
		91DCB6E52999E59800E90A46 /* NGK-Bridging-Header.h */ = {isa = PBXFileReference; lastKnownFileType = sourcecode.c.h; path = "NGK-Bridging-Header.h"; sourceTree = "<group>"; };
		91DCB6E62999E59800E90A46 /* NGSwiftVC.swift */ = {isa = PBXFileReference; lastKnownFileType = sourcecode.swift; path = NGSwiftVC.swift; sourceTree = "<group>"; };
		91DCB6F3299A15F800E90A46 /* NGMainVC.h */ = {isa = PBXFileReference; lastKnownFileType = sourcecode.c.h; path = NGMainVC.h; sourceTree = "<group>"; };
		91DCB6F4299A15F800E90A46 /* NGMainVC.m */ = {isa = PBXFileReference; lastKnownFileType = sourcecode.c.objc; path = NGMainVC.m; sourceTree = "<group>"; };
		DAA3C6742AF0E02A00A6AC0C /* LaunchScreen.storyboard */ = {isa = PBXFileReference; lastKnownFileType = file.storyboard; path = LaunchScreen.storyboard; sourceTree = "<group>"; };
		F9207FCFF3F2CB9B18449491 /* Pods-NGK.debug.xcconfig */ = {isa = PBXFileReference; includeInIndex = 1; lastKnownFileType = text.xcconfig; name = "Pods-NGK.debug.xcconfig"; path = "Target Support Files/Pods-NGK/Pods-NGK.debug.xcconfig"; sourceTree = "<group>"; };
/* End PBXFileReference section */

/* Begin PBXFrameworksBuildPhase section */
		916EB3B629964E8E009E0CB0 /* Frameworks */ = {
			isa = PBXFrameworksBuildPhase;
			buildActionMask = 2147483647;
			files = (
				91973C3329B0411100D13390 /* NGSDK.framework in Frameworks */,
				E704C2CB923EAFD421C1A5E6 /* Pods_NGK.framework in Frameworks */,
			);
			runOnlyForDeploymentPostprocessing = 0;
		};
/* End PBXFrameworksBuildPhase section */

/* Begin PBXGroup section */
		916EB3B029964E8E009E0CB0 = {
			isa = PBXGroup;
			children = (
				916EB3BB29964E8E009E0CB0 /* NGK */,
				916EB3BA29964E8E009E0CB0 /* Products */,
				D9CF747E75AAB7D86BA4F272 /* Frameworks */,
				E118460D92ED4EABBBC12B13 /* Pods */,
			);
			sourceTree = "<group>";
		};
		916EB3BA29964E8E009E0CB0 /* Products */ = {
			isa = PBXGroup;
			children = (
				916EB3B929964E8E009E0CB0 /* NGK.app */,
			);
			name = Products;
			sourceTree = "<group>";
		};
		916EB3BB29964E8E009E0CB0 /* NGK */ = {
			isa = PBXGroup;
			children = (
				916EB3BC29964E8E009E0CB0 /* AppDelegate.h */,
				916EB3BD29964E8E009E0CB0 /* AppDelegate.m */,
				9163B99A29E7B2F30034D8FC /* NGViewController.h */,
				9163B99B29E7B2F30034D8FC /* NGViewController.m */,
				91DCB6F3299A15F800E90A46 /* NGMainVC.h */,
				91DCB6F4299A15F800E90A46 /* NGMainVC.m */,
				91DCB6E62999E59800E90A46 /* NGSwiftVC.swift */,
				91973C3529B056C100D13390 /* NGTestVC.swift */,
				9163B99D29E7B3140034D8FC /* PrefixHeader.pch */,
				916EB3C829964E92009E0CB0 /* Assets.xcassets */,
				DAA3C6742AF0E02A00A6AC0C /* LaunchScreen.storyboard */,
				916EB3CD29964E92009E0CB0 /* Info.plist */,
				916EB3CE29964E92009E0CB0 /* main.m */,
				91DCB6E52999E59800E90A46 /* NGK-Bridging-Header.h */,
			);
			path = NGK;
			sourceTree = "<group>";
		};
		D9CF747E75AAB7D86BA4F272 /* Frameworks */ = {
			isa = PBXGroup;
			children = (
				91973C3229B0411100D13390 /* NGSDK.framework */,
				58CCD63263FC08D25061659E /* Pods_NGK.framework */,
			);
			name = Frameworks;
			sourceTree = "<group>";
		};
		E118460D92ED4EABBBC12B13 /* Pods */ = {
			isa = PBXGroup;
			children = (
				F9207FCFF3F2CB9B18449491 /* Pods-NGK.debug.xcconfig */,
				4BCBED4BBEDA5DA8FB34FEE0 /* Pods-NGK.release.xcconfig */,
			);
			path = Pods;
			sourceTree = "<group>";
		};
/* End PBXGroup section */

/* Begin PBXNativeTarget section */
		916EB3B829964E8E009E0CB0 /* NGK */ = {
			isa = PBXNativeTarget;
			buildConfigurationList = 916EB3D229964E92009E0CB0 /* Build configuration list for PBXNativeTarget "NGK" */;
			buildPhases = (
				3C6D4E854A890A7DA6847AF8 /* [CP] Check Pods Manifest.lock */,
				916EB3B529964E8E009E0CB0 /* Sources */,
				916EB3B629964E8E009E0CB0 /* Frameworks */,
				916EB3B729964E8E009E0CB0 /* Resources */,
				914A3F3329AF5E80004EA522 /* Embed Frameworks */,
				D9FDA253A7554E10D11ABEAC /* [CP] Embed Pods Frameworks */,
			);
			buildRules = (
			);
			dependencies = (
			);
			name = NGK;
			productName = NGK;
			productReference = 916EB3B929964E8E009E0CB0 /* NGK.app */;
			productType = "com.apple.product-type.application";
		};
/* End PBXNativeTarget section */

/* Begin PBXProject section */
		916EB3B129964E8E009E0CB0 /* Project object */ = {
			isa = PBXProject;
			attributes = {
				BuildIndependentTargetsInParallel = 1;
				LastUpgradeCheck = 1500;
				TargetAttributes = {
					916EB3B829964E8E009E0CB0 = {
						CreatedOnToolsVersion = 14.0.1;
						LastSwiftMigration = 1400;
					};
				};
			};
			buildConfigurationList = 916EB3B429964E8E009E0CB0 /* Build configuration list for PBXProject "NGK" */;
			compatibilityVersion = "Xcode 13.0";
			developmentRegion = en;
			hasScannedForEncodings = 0;
			knownRegions = (
				en,
				Base,
			);
			mainGroup = 916EB3B029964E8E009E0CB0;
			productRefGroup = 916EB3BA29964E8E009E0CB0 /* Products */;
			projectDirPath = "";
			projectRoot = "";
			targets = (
				916EB3B829964E8E009E0CB0 /* NGK */,
			);
		};
/* End PBXProject section */

/* Begin PBXResourcesBuildPhase section */
		916EB3B729964E8E009E0CB0 /* Resources */ = {
			isa = PBXResourcesBuildPhase;
			buildActionMask = 2147483647;
			files = (
				916EB3C929964E92009E0CB0 /* Assets.xcassets in Resources */,
				DAA3C6752AF0E02A00A6AC0C /* LaunchScreen.storyboard in Resources */,
			);
			runOnlyForDeploymentPostprocessing = 0;
		};
/* End PBXResourcesBuildPhase section */

/* Begin PBXShellScriptBuildPhase section */
		3C6D4E854A890A7DA6847AF8 /* [CP] Check Pods Manifest.lock */ = {
			isa = PBXShellScriptBuildPhase;
			buildActionMask = 2147483647;
			files = (
			);
			inputFileListPaths = (
			);
			inputPaths = (
				"${PODS_PODFILE_DIR_PATH}/Podfile.lock",
				"${PODS_ROOT}/Manifest.lock",
			);
			name = "[CP] Check Pods Manifest.lock";
			outputFileListPaths = (
			);
			outputPaths = (
				"$(DERIVED_FILE_DIR)/Pods-NGK-checkManifestLockResult.txt",
			);
			runOnlyForDeploymentPostprocessing = 0;
			shellPath = /bin/sh;
			shellScript = "diff \"${PODS_PODFILE_DIR_PATH}/Podfile.lock\" \"${PODS_ROOT}/Manifest.lock\" > /dev/null\nif [ $? != 0 ] ; then\n    # print error to STDERR\n    echo \"error: The sandbox is not in sync with the Podfile.lock. Run 'pod install' or update your CocoaPods installation.\" >&2\n    exit 1\nfi\n# This output is used by Xcode 'outputs' to avoid re-running this script phase.\necho \"SUCCESS\" > \"${SCRIPT_OUTPUT_FILE_0}\"\n";
			showEnvVarsInLog = 0;
		};
		D9FDA253A7554E10D11ABEAC /* [CP] Embed Pods Frameworks */ = {
			isa = PBXShellScriptBuildPhase;
			buildActionMask = 2147483647;
			files = (
			);
			inputFileListPaths = (
				"${PODS_ROOT}/Target Support Files/Pods-NGK/Pods-NGK-frameworks-${CONFIGURATION}-input-files.xcfilelist",
			);
			name = "[CP] Embed Pods Frameworks";
			outputFileListPaths = (
				"${PODS_ROOT}/Target Support Files/Pods-NGK/Pods-NGK-frameworks-${CONFIGURATION}-output-files.xcfilelist",
			);
			runOnlyForDeploymentPostprocessing = 0;
			shellPath = /bin/sh;
			shellScript = "\"${PODS_ROOT}/Target Support Files/Pods-NGK/Pods-NGK-frameworks.sh\"\n";
			showEnvVarsInLog = 0;
		};
/* End PBXShellScriptBuildPhase section */

/* Begin PBXSourcesBuildPhase section */
		916EB3B529964E8E009E0CB0 /* Sources */ = {
			isa = PBXSourcesBuildPhase;
			buildActionMask = 2147483647;
			files = (
				91DCB6F5299A15F800E90A46 /* NGMainVC.m in Sources */,
				9163B99C29E7B2F30034D8FC /* NGViewController.m in Sources */,
				91DCB6E72999E59800E90A46 /* NGSwiftVC.swift in Sources */,
				916EB3BE29964E8E009E0CB0 /* AppDelegate.m in Sources */,
				916EB3CF29964E92009E0CB0 /* main.m in Sources */,
				91973C3629B056C200D13390 /* NGTestVC.swift in Sources */,
			);
			runOnlyForDeploymentPostprocessing = 0;
		};
/* End PBXSourcesBuildPhase section */

/* Begin XCBuildConfiguration section */
		916EB3D029964E92009E0CB0 /* Debug */ = {
			isa = XCBuildConfiguration;
			buildSettings = {
				ALWAYS_SEARCH_USER_PATHS = NO;
				CLANG_ANALYZER_NONNULL = YES;
				CLANG_ANALYZER_NUMBER_OBJECT_CONVERSION = YES_AGGRESSIVE;
				CLANG_CXX_LANGUAGE_STANDARD = "gnu++20";
				CLANG_ENABLE_MODULES = YES;
				CLANG_ENABLE_OBJC_ARC = YES;
				CLANG_ENABLE_OBJC_WEAK = YES;
				CLANG_WARN_BLOCK_CAPTURE_AUTORELEASING = YES;
				CLANG_WARN_BOOL_CONVERSION = YES;
				CLANG_WARN_COMMA = YES;
				CLANG_WARN_CONSTANT_CONVERSION = YES;
				CLANG_WARN_DEPRECATED_OBJC_IMPLEMENTATIONS = YES;
				CLANG_WARN_DIRECT_OBJC_ISA_USAGE = YES_ERROR;
				CLANG_WARN_DOCUMENTATION_COMMENTS = YES;
				CLANG_WARN_EMPTY_BODY = YES;
				CLANG_WARN_ENUM_CONVERSION = YES;
				CLANG_WARN_INFINITE_RECURSION = YES;
				CLANG_WARN_INT_CONVERSION = YES;
				CLANG_WARN_NON_LITERAL_NULL_CONVERSION = YES;
				CLANG_WARN_OBJC_IMPLICIT_RETAIN_SELF = YES;
				CLANG_WARN_OBJC_LITERAL_CONVERSION = YES;
				CLANG_WARN_OBJC_ROOT_CLASS = YES_ERROR;
				CLANG_WARN_QUOTED_INCLUDE_IN_FRAMEWORK_HEADER = YES;
				CLANG_WARN_RANGE_LOOP_ANALYSIS = YES;
				CLANG_WARN_STRICT_PROTOTYPES = YES;
				CLANG_WARN_SUSPICIOUS_MOVE = YES;
				CLANG_WARN_UNGUARDED_AVAILABILITY = YES_AGGRESSIVE;
				CLANG_WARN_UNREACHABLE_CODE = YES;
				CLANG_WARN__DUPLICATE_METHOD_MATCH = YES;
				COPY_PHASE_STRIP = NO;
				DEBUG_INFORMATION_FORMAT = dwarf;
				ENABLE_STRICT_OBJC_MSGSEND = YES;
				ENABLE_TESTABILITY = YES;
				ENABLE_USER_SCRIPT_SANDBOXING = YES;
				GCC_C_LANGUAGE_STANDARD = gnu11;
				GCC_DYNAMIC_NO_PIC = NO;
				GCC_NO_COMMON_BLOCKS = YES;
				GCC_OPTIMIZATION_LEVEL = 0;
				GCC_PREPROCESSOR_DEFINITIONS = (
					"DEBUG=1",
					"$(inherited)",
				);
				GCC_WARN_64_TO_32_BIT_CONVERSION = YES;
				GCC_WARN_ABOUT_RETURN_TYPE = YES_ERROR;
				GCC_WARN_UNDECLARED_SELECTOR = YES;
				GCC_WARN_UNINITIALIZED_AUTOS = YES_AGGRESSIVE;
				GCC_WARN_UNUSED_FUNCTION = YES;
				GCC_WARN_UNUSED_VARIABLE = YES;
				IPHONEOS_DEPLOYMENT_TARGET = 16.0;
				MTL_ENABLE_DEBUG_INFO = INCLUDE_SOURCE;
				MTL_FAST_MATH = YES;
				ONLY_ACTIVE_ARCH = YES;
				SDKROOT = iphoneos;
			};
			name = Debug;
		};
		916EB3D129964E92009E0CB0 /* Release */ = {
			isa = XCBuildConfiguration;
			buildSettings = {
				ALWAYS_SEARCH_USER_PATHS = NO;
				CLANG_ANALYZER_NONNULL = YES;
				CLANG_ANALYZER_NUMBER_OBJECT_CONVERSION = YES_AGGRESSIVE;
				CLANG_CXX_LANGUAGE_STANDARD = "gnu++20";
				CLANG_ENABLE_MODULES = YES;
				CLANG_ENABLE_OBJC_ARC = YES;
				CLANG_ENABLE_OBJC_WEAK = YES;
				CLANG_WARN_BLOCK_CAPTURE_AUTORELEASING = YES;
				CLANG_WARN_BOOL_CONVERSION = YES;
				CLANG_WARN_COMMA = YES;
				CLANG_WARN_CONSTANT_CONVERSION = YES;
				CLANG_WARN_DEPRECATED_OBJC_IMPLEMENTATIONS = YES;
				CLANG_WARN_DIRECT_OBJC_ISA_USAGE = YES_ERROR;
				CLANG_WARN_DOCUMENTATION_COMMENTS = YES;
				CLANG_WARN_EMPTY_BODY = YES;
				CLANG_WARN_ENUM_CONVERSION = YES;
				CLANG_WARN_INFINITE_RECURSION = YES;
				CLANG_WARN_INT_CONVERSION = YES;
				CLANG_WARN_NON_LITERAL_NULL_CONVERSION = YES;
				CLANG_WARN_OBJC_IMPLICIT_RETAIN_SELF = YES;
				CLANG_WARN_OBJC_LITERAL_CONVERSION = YES;
				CLANG_WARN_OBJC_ROOT_CLASS = YES_ERROR;
				CLANG_WARN_QUOTED_INCLUDE_IN_FRAMEWORK_HEADER = YES;
				CLANG_WARN_RANGE_LOOP_ANALYSIS = YES;
				CLANG_WARN_STRICT_PROTOTYPES = YES;
				CLANG_WARN_SUSPICIOUS_MOVE = YES;
				CLANG_WARN_UNGUARDED_AVAILABILITY = YES_AGGRESSIVE;
				CLANG_WARN_UNREACHABLE_CODE = YES;
				CLANG_WARN__DUPLICATE_METHOD_MATCH = YES;
				COPY_PHASE_STRIP = NO;
				DEBUG_INFORMATION_FORMAT = "dwarf-with-dsym";
				ENABLE_NS_ASSERTIONS = NO;
				ENABLE_STRICT_OBJC_MSGSEND = YES;
				ENABLE_USER_SCRIPT_SANDBOXING = YES;
				GCC_C_LANGUAGE_STANDARD = gnu11;
				GCC_NO_COMMON_BLOCKS = YES;
				GCC_WARN_64_TO_32_BIT_CONVERSION = YES;
				GCC_WARN_ABOUT_RETURN_TYPE = YES_ERROR;
				GCC_WARN_UNDECLARED_SELECTOR = YES;
				GCC_WARN_UNINITIALIZED_AUTOS = YES_AGGRESSIVE;
				GCC_WARN_UNUSED_FUNCTION = YES;
				GCC_WARN_UNUSED_VARIABLE = YES;
				IPHONEOS_DEPLOYMENT_TARGET = 16.0;
				MTL_ENABLE_DEBUG_INFO = NO;
				MTL_FAST_MATH = YES;
				SDKROOT = iphoneos;
				SWIFT_COMPILATION_MODE = wholemodule;
				VALIDATE_PRODUCT = YES;
			};
			name = Release;
		};
		916EB3D329964E92009E0CB0 /* Debug */ = {
			isa = XCBuildConfiguration;
			baseConfigurationReference = F9207FCFF3F2CB9B18449491 /* Pods-NGK.debug.xcconfig */;
			buildSettings = {
				ASSETCATALOG_COMPILER_APPICON_NAME = AppIcon;
				ASSETCATALOG_COMPILER_GLOBAL_ACCENT_COLOR_NAME = AccentColor;
				CLANG_ENABLE_MODULES = YES;
				CODE_SIGN_STYLE = Automatic;
				CURRENT_PROJECT_VERSION = 1.0.0;
				DEVELOPMENT_TEAM = 72YZ9S75TT;
				ENABLE_USER_SCRIPT_SANDBOXING = NO;
				FRAMEWORK_SEARCH_PATHS = (
					"$(inherited)",
					"$(PROJECT_DIR)",
				);
				GENERATE_INFOPLIST_FILE = YES;
				INFOPLIST_FILE = NGK/Info.plist;
				INFOPLIST_KEY_NSUserTrackingUsageDescription = "是否允许使用广告权限，以获取更好的广告体验？";
				INFOPLIST_KEY_UIApplicationSupportsIndirectInputEvents = YES;
				INFOPLIST_KEY_UILaunchStoryboardName = LaunchScreen.storyboard;
				INFOPLIST_KEY_UIMainStoryboardFile = "";
				INFOPLIST_KEY_UISupportedInterfaceOrientations = "UIInterfaceOrientationLandscapeLeft UIInterfaceOrientationLandscapeRight UIInterfaceOrientationPortrait";
				INFOPLIST_KEY_UISupportedInterfaceOrientations_iPad = "UIInterfaceOrientationLandscapeLeft UIInterfaceOrientationLandscapeRight UIInterfaceOrientationPortrait UIInterfaceOrientationPortraitUpsideDown";
				IPHONEOS_DEPLOYMENT_TARGET = 13.0;
				LD_RUNPATH_SEARCH_PATHS = (
					"$(inherited)",
					"@executable_path/Frameworks",
				);
				LIBRARY_SEARCH_PATHS = "";
				MARKETING_VERSION = 1.0.0;
				PRODUCT_BUNDLE_IDENTIFIER = com.sw.dosear;
				PRODUCT_NAME = "$(TARGET_NAME)";
				SWIFT_EMIT_LOC_STRINGS = YES;
				SWIFT_OBJC_BRIDGING_HEADER = "NGK/NGK-Bridging-Header.h";
				SWIFT_OPTIMIZATION_LEVEL = "-Onone";
				SWIFT_VERSION = 5.0;
				TARGETED_DEVICE_FAMILY = "1,2";
			};
			name = Debug;
		};
		916EB3D429964E92009E0CB0 /* Release */ = {
			isa = XCBuildConfiguration;
			baseConfigurationReference = 4BCBED4BBEDA5DA8FB34FEE0 /* Pods-NGK.release.xcconfig */;
			buildSettings = {
				ASSETCATALOG_COMPILER_APPICON_NAME = AppIcon;
				ASSETCATALOG_COMPILER_GLOBAL_ACCENT_COLOR_NAME = AccentColor;
				CLANG_ENABLE_MODULES = YES;
				CODE_SIGN_STYLE = Automatic;
				CURRENT_PROJECT_VERSION = 1.0.0;
				DEVELOPMENT_TEAM = 72YZ9S75TT;
				ENABLE_USER_SCRIPT_SANDBOXING = NO;
				FRAMEWORK_SEARCH_PATHS = (
					"$(inherited)",
					"$(PROJECT_DIR)",
				);
				GENERATE_INFOPLIST_FILE = YES;
				INFOPLIST_FILE = NGK/Info.plist;
				INFOPLIST_KEY_NSUserTrackingUsageDescription = "是否允许使用广告权限，以获取更好的广告体验？";
				INFOPLIST_KEY_UIApplicationSupportsIndirectInputEvents = YES;
				INFOPLIST_KEY_UILaunchStoryboardName = LaunchScreen.storyboard;
				INFOPLIST_KEY_UIMainStoryboardFile = "";
				INFOPLIST_KEY_UISupportedInterfaceOrientations = "UIInterfaceOrientationLandscapeLeft UIInterfaceOrientationLandscapeRight UIInterfaceOrientationPortrait";
				INFOPLIST_KEY_UISupportedInterfaceOrientations_iPad = "UIInterfaceOrientationLandscapeLeft UIInterfaceOrientationLandscapeRight UIInterfaceOrientationPortrait UIInterfaceOrientationPortraitUpsideDown";
				IPHONEOS_DEPLOYMENT_TARGET = 13.0;
				LD_RUNPATH_SEARCH_PATHS = (
					"$(inherited)",
					"@executable_path/Frameworks",
				);
				LIBRARY_SEARCH_PATHS = "";
				MARKETING_VERSION = 1.0.0;
				PRODUCT_BUNDLE_IDENTIFIER = com.sw.dosear;
				PRODUCT_NAME = "$(TARGET_NAME)";
				SWIFT_EMIT_LOC_STRINGS = YES;
				SWIFT_OBJC_BRIDGING_HEADER = "NGK/NGK-Bridging-Header.h";
				SWIFT_VERSION = 5.0;
				TARGETED_DEVICE_FAMILY = "1,2";
			};
			name = Release;
		};
/* End XCBuildConfiguration section */

/* Begin XCConfigurationList section */
		916EB3B429964E8E009E0CB0 /* Build configuration list for PBXProject "NGK" */ = {
			isa = XCConfigurationList;
			buildConfigurations = (
				916EB3D029964E92009E0CB0 /* Debug */,
				916EB3D129964E92009E0CB0 /* Release */,
			);
			defaultConfigurationIsVisible = 0;
			defaultConfigurationName = Release;
		};
		916EB3D229964E92009E0CB0 /* Build configuration list for PBXNativeTarget "NGK" */ = {
			isa = XCConfigurationList;
			buildConfigurations = (
				916EB3D329964E92009E0CB0 /* Debug */,
				916EB3D429964E92009E0CB0 /* Release */,
			);
			defaultConfigurationIsVisible = 0;
			defaultConfigurationName = Release;
		};
/* End XCConfigurationList section */
	};
	rootObject = 916EB3B129964E8E009E0CB0 /* Project object */;
}
